
Microsoft Visual Studio Solution File, Format Version 11.00
# Visual Studio 2010
Project("{54435603-DBB4-11D2-8724-00A0C9A8B90C}") = "hosts_setup_win_ipv6_x64", "hosts_setup_win_ipv6_x64\hosts_setup_win_ipv6_x64.vdproj", "{7E1E41B9-F2C6-4D80-9F43-AE286784B369}"
EndProject
Global
	GlobalSection(SolutionConfigurationPlatforms) = preSolution
		Debug|Default = Debug|Default
		Release|Default = Release|Default
	EndGlobalSection
	GlobalSection(ProjectConfigurationPlatforms) = postSolution
		{7E1E41B9-F2C6-4D80-9F43-AE286784B369}.Debug|Default.ActiveCfg = Debug
		{7E1E41B9-F2C6-4D80-9F43-AE286784B369}.Debug|Default.Build.0 = Debug
		{7E1E41B9-F2C6-4D80-9F43-AE286784B369}.Release|Default.ActiveCfg = Release
		{7E1E41B9-F2C6-4D80-9F43-AE286784B369}.Release|Default.Build.0 = Release
	EndGlobalSection
	GlobalSection(SolutionProperties) = preSolution
		HideSolutionNode = FALSE
	EndGlobalSection
EndGlobal
