
Microsoft Visual Studio Solution File, Format Version 11.00
# Visual Studio 2010
Project("{54435603-DBB4-11D2-8724-00A0C9A8B90C}") = "hosts_setup_win_ipv4_x64", "hosts_setup_win_ipv4_x64\hosts_setup_win_ipv4_x64.vdproj", "{293E6645-00FC-4ACE-88A5-AA0F2DC7F7FA}"
EndProject
Global
	GlobalSection(SolutionConfigurationPlatforms) = preSolution
		Debug|Default = Debug|Default
		Release|Default = Release|Default
	EndGlobalSection
	GlobalSection(ProjectConfigurationPlatforms) = postSolution
		{293E6645-00FC-4ACE-88A5-AA0F2DC7F7FA}.Debug|Default.ActiveCfg = Debug
		{293E6645-00FC-4ACE-88A5-AA0F2DC7F7FA}.Debug|Default.Build.0 = Debug
		{293E6645-00FC-4ACE-88A5-AA0F2DC7F7FA}.Release|Default.ActiveCfg = Release
		{293E6645-00FC-4ACE-88A5-AA0F2DC7F7FA}.Release|Default.Build.0 = Release
	EndGlobalSection
	GlobalSection(SolutionProperties) = preSolution
		HideSolutionNode = FALSE
	EndGlobalSection
EndGlobal
