
Microsoft Visual Studio Solution File, Format Version 11.00
# Visual Studio 2010
Project("{54435603-DBB4-11D2-8724-00A0C9A8B90C}") = "hosts_setup_win_ipv4_x86", "hosts_setup_win_ipv4_x86\hosts_setup_win_ipv4_x86.vdproj", "{8CCEB7AF-9DFF-4532-8116-89D4CA0BBEB1}"
EndProject
Global
	GlobalSection(SolutionConfigurationPlatforms) = preSolution
		Debug|Default = Debug|Default
		Release|Default = Release|Default
	EndGlobalSection
	GlobalSection(ProjectConfigurationPlatforms) = postSolution
		{8CCEB7AF-9DFF-4532-8116-89D4CA0BBEB1}.Debug|Default.ActiveCfg = Debug
		{8CCEB7AF-9DFF-4532-8116-89D4CA0BBEB1}.Debug|Default.Build.0 = Debug
		{8CCEB7AF-9DFF-4532-8116-89D4CA0BBEB1}.Release|Default.ActiveCfg = Release
		{8CCEB7AF-9DFF-4532-8116-89D4CA0BBEB1}.Release|Default.Build.0 = Release
	EndGlobalSection
	GlobalSection(SolutionProperties) = preSolution
		HideSolutionNode = FALSE
	EndGlobalSection
EndGlobal
